
Microsoft Visual Studio Solution File, Format Version 12.00
# Visual Studio Version 16
VisualStudioVersion = 16.0.30320.27
MinimumVisualStudioVersion = 10.0.40219.1
Project("{FAE04EC0-301F-11D3-BF4B-00C04F79EFBC}") = "TLace", "TLace\TLace.csproj", "{808CD8EA-A225-4221-8FAC-EEB22CE307CF}"
EndProject
Global
	GlobalSection(SolutionConfigurationPlatforms) = preSolution
		Debug|Any CPU = Debug|Any CPU
		Release|Any CPU = Release|Any CPU
	EndGlobalSection
	GlobalSection(ProjectConfigurationPlatforms) = postSolution
		{808CD8EA-A225-4221-8FAC-EEB22CE307CF}.Debug|Any CPU.ActiveCfg = Debug|Any CPU
		{808CD8EA-A225-4221-8FAC-EEB22CE307CF}.Debug|Any CPU.Build.0 = Debug|Any CPU
		{808CD8EA-A225-4221-8FAC-EEB22CE307CF}.Release|Any CPU.ActiveCfg = Release|Any CPU
		{808CD8EA-A225-4221-8FAC-EEB22CE307CF}.Release|Any CPU.Build.0 = Release|Any CPU
	EndGlobalSection
	GlobalSection(SolutionProperties) = preSolution
		HideSolutionNode = FALSE
	EndGlobalSection
	GlobalSection(ExtensibilityGlobals) = postSolution
		SolutionGuid = {21863A6E-7FAF-4D71-8579-344B84E4C51E}
	EndGlobalSection
EndGlobal
